<?xml version="1.0" encoding="utf-8"?>
<Project ToolsVersion="4.0" xmlns="http://schemas.microsoft.com/developer/msbuild/2003">
  <ItemGroup>
    <Filter Include="Source Files">
      <UniqueIdentifier>{4FC737F1-C7A5-4376-A066-2A32D752A2FF}</UniqueIdentifier>
      <Extensions>cpp;c;cc;cxx;c++;cppm;ixx;def;odl;idl;hpj;bat;asm;asmx</Extensions>
    </Filter>
    <Filter Include="Resource Files">
      <UniqueIdentifier>{67DA6AB6-F800-4c08-8B7A-83BB121AAD01}</UniqueIdentifier>
      <Extensions>rc;ico;cur;bmp;dlg;rc2;rct;bin;rgs;gif;jpg;jpeg;jpe;resx;tiff;tif;png;wav;mfcribbon-ms</Extensions>
    </Filter>
    <Filter Include="Source Files\source">
      <UniqueIdentifier>{54106e68-5e55-41ba-a00b-a3449d13332f}</UniqueIdentifier>
    </Filter>
    <Filter Include="Source Files\source\base">
      <UniqueIdentifier>{34f14c53-df09-443d-9851-62b95a2bd176}</UniqueIdentifier>
    </Filter>
  </ItemGroup>
  <ItemGroup>
    <ClInclude Include="pch.h">
      <Filter>Source Files</Filter>
    </ClInclude>
    <ClInclude Include="source\Common.h">
      <Filter>Source Files\source</Filter>
    </ClInclude>
    <ClInclude Include="source\ErrorCodes.h">
      <Filter>Source Files\source</Filter>
    </ClInclude>
    <ClInclude Include="source\base\API_Base.h">
      <Filter>Source Files\source\base</Filter>
    </ClInclude>
    <ClInclude Include="source\base\Renderer_Base.h">
      <Filter>Source Files\source\base</Filter>
    </ClInclude>
    <ClInclude Include="source\Version.h">
      <Filter>Source Files\source</Filter>
    </ClInclude>
    <ClInclude Include="source\base\FrameRateController_Base.h">
      <Filter>Source Files\source\base</Filter>
    </ClInclude>
    <ClInclude Include="source\WindowsFrameRateController.h">
      <Filter>Source Files\source</Filter>
    </ClInclude>
    <ClInclude Include="source\WindowsFrameRateControllerImpl.h">
      <Filter>Source Files\source</Filter>
    </ClInclude>
    <ClInclude Include="source\base\PhysicalDevice.h">
      <Filter>Source Files\source\base</Filter>
    </ClInclude>
    <ClInclude Include="source\base\RendererRequirements_Base.h">
      <Filter>Source Files\source\base</Filter>
    </ClInclude>
    <ClInclude Include="source\JsonRendererRequirements.h">
      <Filter>Source Files\source</Filter>
    </ClInclude>
    <ClInclude Include="source\JsonRendererRequirementsImpl.h">
      <Filter>Source Files\source</Filter>
    </ClInclude>
  </ItemGroup>
  <ItemGroup>
    <ClCompile Include="pch.cpp">
      <Filter>Source Files</Filter>
    </ClCompile>
    <ClCompile Include="source\base\API_Base.cpp">
      <Filter>Source Files\source\base</Filter>
    </ClCompile>
    <ClCompile Include="source\base\Renderer_Base.cpp">
      <Filter>Source Files\source\base</Filter>
    </ClCompile>
    <ClCompile Include="source\Common.cpp">
      <Filter>Source Files\source</Filter>
    </ClCompile>
    <ClCompile Include="source\base\FrameRateController_Base.cpp">
      <Filter>Source Files\source\base</Filter>
    </ClCompile>
    <ClCompile Include="source\WindowsFrameRateController.cpp">
      <Filter>Source Files\source</Filter>
    </ClCompile>
    <ClCompile Include="source\WindowsFrameRateControllerImpl.cpp">
      <Filter>Source Files\source</Filter>
    </ClCompile>
    <ClCompile Include="source\base\PhysicalDevice.cpp">
      <Filter>Source Files\source\base</Filter>
    </ClCompile>
    <ClCompile Include="source\base\RendererRequirements_Base.cpp">
      <Filter>Source Files\source\base</Filter>
    </ClCompile>
    <ClCompile Include="source\JsonRendererRequirements.cpp">
      <Filter>Source Files\source</Filter>
    </ClCompile>
    <ClCompile Include="source\JsonRendererRequirementsImpl.cpp">
      <Filter>Source Files\source</Filter>
    </ClCompile>
  </ItemGroup>
</Project>