<?xml version="1.0" encoding="utf-8"?>
<Project ToolsVersion="4.0" xmlns="http://schemas.microsoft.com/developer/msbuild/2003">
  <ItemGroup>
    <Filter Include="Source Files">
      <UniqueIdentifier>{4FC737F1-C7A5-4376-A066-2A32D752A2FF}</UniqueIdentifier>
      <Extensions>cpp;c;cc;cxx;c++;cppm;ixx;def;odl;idl;hpj;bat;asm;asmx</Extensions>
    </Filter>
    <Filter Include="Header Files">
      <UniqueIdentifier>{93995380-89BD-4b04-88EB-625FBE52EBFB}</UniqueIdentifier>
      <Extensions>h;hh;hpp;hxx;h++;hm;inl;inc;ipp;xsd</Extensions>
    </Filter>
    <Filter Include="Resource Files">
      <UniqueIdentifier>{67DA6AB6-F800-4c08-8B7A-83BB121AAD01}</UniqueIdentifier>
      <Extensions>rc;ico;cur;bmp;dlg;rc2;rct;bin;rgs;gif;jpg;jpeg;jpe;resx;tiff;tif;png;wav;mfcribbon-ms</Extensions>
    </Filter>
  </ItemGroup>
  <ItemGroup>
    <ClCompile Include="source\JsonRequirementsInterop.cpp">
      <Filter>Source Files</Filter>
    </ClCompile>
    <ClCompile Include="source\Win32WindowSurfaceInterop.cpp">
      <Filter>Source Files</Filter>
    </ClCompile>
    <ClCompile Include="source\pch.cpp">
      <Filter>Source Files</Filter>
    </ClCompile>
    <ClCompile Include="source\VulkanApiInterop.cpp">
      <Filter>Source Files</Filter>
    </ClCompile>
    <ClCompile Include="source\VulkanDeviceInterop.cpp">
      <Filter>Source Files</Filter>
    </ClCompile>
    <ClCompile Include="source\VulkanRendererInterop.cpp">
      <Filter>Source Files</Filter>
    </ClCompile>
    <ClCompile Include="source\VulkanBasicSceneInterop.cpp">
      <Filter>Source Files</Filter>
    </ClCompile>
    <ClCompile Include="source\RenderWindowHost.cpp">
      <Filter>Source Files</Filter>
    </ClCompile>
    <ClCompile Include="source\VulkanRenderEngineInterop.cpp">
      <Filter>Source Files</Filter>
    </ClCompile>
  </ItemGroup>
  <ItemGroup>
    <ClInclude Include="source\JsonRequirementsInterop.h">
      <Filter>Source Files</Filter>
    </ClInclude>
    <ClInclude Include="source\WindowSurfaceInterface.h">
      <Filter>Source Files</Filter>
    </ClInclude>
    <ClInclude Include="source\Win32WindowSurfaceInterop.h">
      <Filter>Source Files</Filter>
    </ClInclude>
    <ClInclude Include="source\pch.h">
      <Filter>Source Files</Filter>
    </ClInclude>
    <ClInclude Include="source\RendererRequirementsInterface.h">
      <Filter>Source Files</Filter>
    </ClInclude>
    <ClInclude Include="source\GraphicsApiInterface.h">
      <Filter>Source Files</Filter>
    </ClInclude>
    <ClInclude Include="source\GraphicsDeviceInterface.h">
      <Filter>Source Files</Filter>
    </ClInclude>
    <ClInclude Include="source\GraphicsRendererInterface.h">
      <Filter>Source Files</Filter>
    </ClInclude>
    <ClInclude Include="source\GraphicsSceneInterface.h">
      <Filter>Source Files</Filter>
    </ClInclude>
    <ClInclude Include="source\VulkanApiInterop.h">
      <Filter>Source Files</Filter>
    </ClInclude>
    <ClInclude Include="source\VulkanDeviceInterop.h">
      <Filter>Source Files</Filter>
    </ClInclude>
    <ClInclude Include="source\VulkanRendererInterop.h">
      <Filter>Source Files</Filter>
    </ClInclude>
    <ClInclude Include="source\VulkanBasicSceneInterop.h">
      <Filter>Source Files</Filter>
    </ClInclude>
    <ClInclude Include="source\RenderWindowHost.h">
      <Filter>Source Files</Filter>
    </ClInclude>
    <ClInclude Include="source\VulkanRenderEngineInterop.h">
      <Filter>Header Files</Filter>
    </ClInclude>
  </ItemGroup>
</Project>