<?xml version="1.0" encoding="utf-8"?>
<Project ToolsVersion="4.0" xmlns="http://schemas.microsoft.com/developer/msbuild/2003">
  <ItemGroup>
    <Filter Include="Source Files">
      <UniqueIdentifier>{4FC737F1-C7A5-4376-A066-2A32D752A2FF}</UniqueIdentifier>
      <Extensions>cpp;c;cc;cxx;c++;cppm;ixx;def;odl;idl;hpj;bat;asm;asmx</Extensions>
    </Filter>
    <Filter Include="Resource Files">
      <UniqueIdentifier>{67DA6AB6-F800-4c08-8B7A-83BB121AAD01}</UniqueIdentifier>
      <Extensions>rc;ico;cur;bmp;dlg;rc2;rct;bin;rgs;gif;jpg;jpeg;jpe;resx;tiff;tif;png;wav;mfcribbon-ms</Extensions>
    </Filter>
    <Filter Include="Source Files\source">
      <UniqueIdentifier>{3bb1cc4a-2659-4778-81d1-e40c919620df}</UniqueIdentifier>
    </Filter>
  </ItemGroup>
  <ItemGroup>
    <ClInclude Include="pch.h">
      <Filter>Source Files</Filter>
    </ClInclude>
    <ClInclude Include="source\VulkanRenderer.h">
      <Filter>Source Files\source</Filter>
    </ClInclude>
    <ClInclude Include="source\VulkanAPI.h">
      <Filter>Source Files\source</Filter>
    </ClInclude>
    <ClInclude Include="source\VulkanAPIImpl.h">
      <Filter>Source Files\source</Filter>
    </ClInclude>
    <ClInclude Include="source\VulkanRendererImpl.h">
      <Filter>Source Files\source</Filter>
    </ClInclude>
    <ClInclude Include="source\VulkanErrorToGraphicsError.h">
      <Filter>Source Files\source</Filter>
    </ClInclude>
    <ClInclude Include="source\VulkanPhysicalDevice.h">
      <Filter>Source Files\source</Filter>
    </ClInclude>
    <ClInclude Include="source\VulkanFeaturesDefines.h">
      <Filter>Source Files\source</Filter>
    </ClInclude>
    <ClInclude Include="source\VulkanSwapChain.h">
      <Filter>Source Files\source</Filter>
    </ClInclude>
    <ClInclude Include="source\VulkanRendererScene_Basic.h">
      <Filter>Source Files\source</Filter>
    </ClInclude>
    <ClInclude Include="source\VulkanRendererSceneImpl_Basic.h">
      <Filter>Source Files\source</Filter>
    </ClInclude>
    <ClInclude Include="source\VulkanShaderModule.h">
      <Filter>Source Files\source</Filter>
    </ClInclude>
    <ClInclude Include="source\VulkanVertexBuffer.h">
      <Filter>Source Files\source</Filter>
    </ClInclude>
    <ClInclude Include="source\VulkanVertexBuffer.tpp">
      <Filter>Source Files\source</Filter>
    </ClInclude>
    <ClInclude Include="source\VulkanBuffer.h">
      <Filter>Source Files\source</Filter>
    </ClInclude>
    <ClInclude Include="source\VulkanUniformBufferObject.h">
      <Filter>Source Files\source</Filter>
    </ClInclude>
    <ClInclude Include="source\VulkanMultiBuffer.h">
      <Filter>Source Files\source</Filter>
    </ClInclude>
    <ClInclude Include="resource.h" />
    <ClInclude Include="source\Vulkan2DTextureBuffer.h">
      <Filter>Source Files\source</Filter>
    </ClInclude>
    <ClInclude Include="source\VulkanImageBuffer.h">
      <Filter>Source Files\source</Filter>
    </ClInclude>
    <ClInclude Include="source\VulkanSampler.h">
      <Filter>Source Files\source</Filter>
    </ClInclude>
    <ClInclude Include="source\VulkanDepthStencilBuffer.h">
      <Filter>Source Files\source</Filter>
    </ClInclude>
    <ClInclude Include="source\VulkanCommandBuffer.h">
      <Filter>Source Files\source</Filter>
    </ClInclude>
    <ClInclude Include="source\VulkanPipeline.h">
      <Filter>Source Files\source</Filter>
    </ClInclude>
    <ClInclude Include="source\VulkanRenderPass.h">
      <Filter>Source Files\source</Filter>
    </ClInclude>
  </ItemGroup>
  <ItemGroup>
    <ClCompile Include="pch.cpp">
      <Filter>Source Files</Filter>
    </ClCompile>
    <ClCompile Include="source\VulkanRenderer.cpp">
      <Filter>Source Files\source</Filter>
    </ClCompile>
    <ClCompile Include="source\VulkanAPI.cpp">
      <Filter>Source Files\source</Filter>
    </ClCompile>
    <ClCompile Include="source\VulkanAPIImpl.cpp">
      <Filter>Source Files\source</Filter>
    </ClCompile>
    <ClCompile Include="source\VulkanRendererImpl.cpp">
      <Filter>Source Files\source</Filter>
    </ClCompile>
    <ClCompile Include="source\VulkanErrorToGraphicsError.cpp">
      <Filter>Source Files\source</Filter>
    </ClCompile>
    <ClCompile Include="source\VulkanPhysicalDevice.cpp">
      <Filter>Source Files\source</Filter>
    </ClCompile>
    <ClCompile Include="source\VulkanSwapChain.cpp">
      <Filter>Source Files\source</Filter>
    </ClCompile>
    <ClCompile Include="source\VulkanRendererScene_Basic.cpp">
      <Filter>Source Files\source</Filter>
    </ClCompile>
    <ClCompile Include="source\VulkanRendererSceneImpl_Basic.cpp">
      <Filter>Source Files\source</Filter>
    </ClCompile>
    <ClCompile Include="source\VulkanShaderModule.cpp">
      <Filter>Source Files\source</Filter>
    </ClCompile>
    <ClCompile Include="source\VulkanBuffer.cpp">
      <Filter>Source Files\source</Filter>
    </ClCompile>
    <ClCompile Include="source\VulkanUniformBufferObject.cpp">
      <Filter>Source Files\source</Filter>
    </ClCompile>
    <ClCompile Include="source\VulkanMultiBuffer.cpp">
      <Filter>Source Files\source</Filter>
    </ClCompile>
    <ClCompile Include="source\Vulkan2DTextureBuffer.cpp">
      <Filter>Source Files\source</Filter>
    </ClCompile>
    <ClCompile Include="source\VulkanImageBuffer.cpp">
      <Filter>Source Files\source</Filter>
    </ClCompile>
    <ClCompile Include="source\VulkanSampler.cpp">
      <Filter>Source Files\source</Filter>
    </ClCompile>
    <ClCompile Include="source\VulkanDepthStencilBuffer.cpp">
      <Filter>Source Files\source</Filter>
    </ClCompile>
    <ClCompile Include="source\VulkanCommandBuffer.cpp">
      <Filter>Source Files\source</Filter>
    </ClCompile>
    <ClCompile Include="source\VulkanPipeline.cpp">
      <Filter>Source Files\source</Filter>
    </ClCompile>
    <ClCompile Include="source\VulkanRenderPass.cpp">
      <Filter>Source Files\source</Filter>
    </ClCompile>
  </ItemGroup>
  <ItemGroup>
    <Library Include="$(VULKAN_SDK)\Lib\vulkan-1.lib" />
  </ItemGroup>
  <ItemGroup>
    <CopyFileToFolders Include="resource\model-viewer-renderer.json">
      <Filter>Resource Files</Filter>
    </CopyFileToFolders>
    <CopyFileToFolders Include="resource\texture.jpg">
      <Filter>Resource Files</Filter>
    </CopyFileToFolders>
  </ItemGroup>
  <ItemGroup>
    <CustomBuild Include="resource\basic-frag.frag">
      <Filter>Resource Files</Filter>
    </CustomBuild>
    <CustomBuild Include="resource\basic-vert.vert">
      <Filter>Resource Files</Filter>
    </CustomBuild>
  </ItemGroup>
</Project>